
Microsoft Visual Studio Solution File, Format Version 12.00
# Visual Studio Version 17
VisualStudioVersion = 17.0.31903.59
MinimumVisualStudioVersion = 10.0.40219.1
Project("{2150E333-8FDC-42A3-9474-1A3956D46DE8}") = "src", "src", "{827E0CD3-B72D-47B6-A68D-7590B98EB39B}"
EndProject
Project("{FAE04EC0-301F-11D3-BF4B-00C04F79EFBC}") = "SmartBin.Contracts", "src\SmartBin.Contracts\SmartBin.Contracts.csproj", "{C223940F-5408-4C8B-96B4-3CB50B3199B1}"
EndProject
Project("{FAE04EC0-301F-11D3-BF4B-00C04F79EFBC}") = "SmartBin.Core", "src\SmartBin.Core\SmartBin.Core.csproj", "{D3C5A447-FD37-4C4A-B9AE-3E2D8F179CC3}"
EndProject
Project("{FAE04EC0-301F-11D3-BF4B-00C04F79EFBC}") = "SmartBin.Infrastructure", "src\SmartBin.Infrastructure\SmartBin.Infrastructure.csproj", "{1B153F5E-BD08-4EAC-82FE-8C98F8FD3E57}"
EndProject
Project("{FAE04EC0-301F-11D3-BF4B-00C04F79EFBC}") = "SmartBin.App", "src\SmartBin.App\SmartBin.App.csproj", "{CF4C8064-EBCF-4A20-BEDC-B82B59C2E065}"
EndProject
Project("{2150E333-8FDC-42A3-9474-1A3956D46DE8}") = "tests", "tests", "{0AB3BF05-4346-4AA6-1389-037BE0695223}"
EndProject
Project("{FAE04EC0-301F-11D3-BF4B-00C04F79EFBC}") = "SmartBin.Core.Tests", "tests\SmartBin.Core.Tests\SmartBin.Core.Tests.csproj", "{237D4654-7D3E-44E6-9593-F75EE1EF2671}"
EndProject
Project("{FAE04EC0-301F-11D3-BF4B-00C04F79EFBC}") = "SmartBin.Infrastructure.Tests", "tests\SmartBin.Infrastructure.Tests\SmartBin.Infrastructure.Tests.csproj", "{05CC6383-1FF7-42C4-B724-740313111AF1}"
EndProject
Global
	GlobalSection(SolutionConfigurationPlatforms) = preSolution
		Debug|Any CPU = Debug|Any CPU
		Debug|x64 = Debug|x64
		Debug|x86 = Debug|x86
		Release|Any CPU = Release|Any CPU
		Release|x64 = Release|x64
		Release|x86 = Release|x86
	EndGlobalSection
	GlobalSection(ProjectConfigurationPlatforms) = postSolution
		{C223940F-5408-4C8B-96B4-3CB50B3199B1}.Debug|Any CPU.ActiveCfg = Debug|Any CPU
		{C223940F-5408-4C8B-96B4-3CB50B3199B1}.Debug|Any CPU.Build.0 = Debug|Any CPU
		{C223940F-5408-4C8B-96B4-3CB50B3199B1}.Debug|x64.ActiveCfg = Debug|Any CPU
		{C223940F-5408-4C8B-96B4-3CB50B3199B1}.Debug|x64.Build.0 = Debug|Any CPU
		{C223940F-5408-4C8B-96B4-3CB50B3199B1}.Debug|x86.ActiveCfg = Debug|Any CPU
		{C223940F-5408-4C8B-96B4-3CB50B3199B1}.Debug|x86.Build.0 = Debug|Any CPU
		{C223940F-5408-4C8B-96B4-3CB50B3199B1}.Release|Any CPU.ActiveCfg = Release|Any CPU
		{C223940F-5408-4C8B-96B4-3CB50B3199B1}.Release|Any CPU.Build.0 = Release|Any CPU
		{C223940F-5408-4C8B-96B4-3CB50B3199B1}.Release|x64.ActiveCfg = Release|Any CPU
		{C223940F-5408-4C8B-96B4-3CB50B3199B1}.Release|x64.Build.0 = Release|Any CPU
		{C223940F-5408-4C8B-96B4-3CB50B3199B1}.Release|x86.ActiveCfg = Release|Any CPU
		{C223940F-5408-4C8B-96B4-3CB50B3199B1}.Release|x86.Build.0 = Release|Any CPU
		{D3C5A447-FD37-4C4A-B9AE-3E2D8F179CC3}.Debug|Any CPU.ActiveCfg = Debug|Any CPU
		{D3C5A447-FD37-4C4A-B9AE-3E2D8F179CC3}.Debug|Any CPU.Build.0 = Debug|Any CPU
		{D3C5A447-FD37-4C4A-B9AE-3E2D8F179CC3}.Debug|x64.ActiveCfg = Debug|Any CPU
		{D3C5A447-FD37-4C4A-B9AE-3E2D8F179CC3}.Debug|x64.Build.0 = Debug|Any CPU
		{D3C5A447-FD37-4C4A-B9AE-3E2D8F179CC3}.Debug|x86.ActiveCfg = Debug|Any CPU
		{D3C5A447-FD37-4C4A-B9AE-3E2D8F179CC3}.Debug|x86.Build.0 = Debug|Any CPU
		{D3C5A447-FD37-4C4A-B9AE-3E2D8F179CC3}.Release|Any CPU.ActiveCfg = Release|Any CPU
		{D3C5A447-FD37-4C4A-B9AE-3E2D8F179CC3}.Release|Any CPU.Build.0 = Release|Any CPU
		{D3C5A447-FD37-4C4A-B9AE-3E2D8F179CC3}.Release|x64.ActiveCfg = Release|Any CPU
		{D3C5A447-FD37-4C4A-B9AE-3E2D8F179CC3}.Release|x64.Build.0 = Release|Any CPU
		{D3C5A447-FD37-4C4A-B9AE-3E2D8F179CC3}.Release|x86.ActiveCfg = Release|Any CPU
		{D3C5A447-FD37-4C4A-B9AE-3E2D8F179CC3}.Release|x86.Build.0 = Release|Any CPU
		{1B153F5E-BD08-4EAC-82FE-8C98F8FD3E57}.Debug|Any CPU.ActiveCfg = Debug|Any CPU
		{1B153F5E-BD08-4EAC-82FE-8C98F8FD3E57}.Debug|Any CPU.Build.0 = Debug|Any CPU
		{1B153F5E-BD08-4EAC-82FE-8C98F8FD3E57}.Debug|x64.ActiveCfg = Debug|Any CPU
		{1B153F5E-BD08-4EAC-82FE-8C98F8FD3E57}.Debug|x64.Build.0 = Debug|Any CPU
		{1B153F5E-BD08-4EAC-82FE-8C98F8FD3E57}.Debug|x86.ActiveCfg = Debug|Any CPU
		{1B153F5E-BD08-4EAC-82FE-8C98F8FD3E57}.Debug|x86.Build.0 = Debug|Any CPU
		{1B153F5E-BD08-4EAC-82FE-8C98F8FD3E57}.Release|Any CPU.ActiveCfg = Release|Any CPU
		{1B153F5E-BD08-4EAC-82FE-8C98F8FD3E57}.Release|Any CPU.Build.0 = Release|Any CPU
		{1B153F5E-BD08-4EAC-82FE-8C98F8FD3E57}.Release|x64.ActiveCfg = Release|Any CPU
		{1B153F5E-BD08-4EAC-82FE-8C98F8FD3E57}.Release|x64.Build.0 = Release|Any CPU
		{1B153F5E-BD08-4EAC-82FE-8C98F8FD3E57}.Release|x86.ActiveCfg = Release|Any CPU
		{1B153F5E-BD08-4EAC-82FE-8C98F8FD3E57}.Release|x86.Build.0 = Release|Any CPU
		{CF4C8064-EBCF-4A20-BEDC-B82B59C2E065}.Debug|Any CPU.ActiveCfg = Debug|x64
		{CF4C8064-EBCF-4A20-BEDC-B82B59C2E065}.Debug|Any CPU.Build.0 = Debug|x64
		{CF4C8064-EBCF-4A20-BEDC-B82B59C2E065}.Debug|x64.ActiveCfg = Debug|x64
		{CF4C8064-EBCF-4A20-BEDC-B82B59C2E065}.Debug|x64.Build.0 = Debug|x64
		{CF4C8064-EBCF-4A20-BEDC-B82B59C2E065}.Debug|x86.ActiveCfg = Debug|x64
		{CF4C8064-EBCF-4A20-BEDC-B82B59C2E065}.Debug|x86.Build.0 = Debug|x64
		{CF4C8064-EBCF-4A20-BEDC-B82B59C2E065}.Release|Any CPU.ActiveCfg = Release|x64
		{CF4C8064-EBCF-4A20-BEDC-B82B59C2E065}.Release|Any CPU.Build.0 = Release|x64
		{CF4C8064-EBCF-4A20-BEDC-B82B59C2E065}.Release|x64.ActiveCfg = Release|x64
		{CF4C8064-EBCF-4A20-BEDC-B82B59C2E065}.Release|x64.Build.0 = Release|x64
		{CF4C8064-EBCF-4A20-BEDC-B82B59C2E065}.Release|x86.ActiveCfg = Release|x64
		{CF4C8064-EBCF-4A20-BEDC-B82B59C2E065}.Release|x86.Build.0 = Release|x64
		{237D4654-7D3E-44E6-9593-F75EE1EF2671}.Debug|Any CPU.ActiveCfg = Debug|Any CPU
		{237D4654-7D3E-44E6-9593-F75EE1EF2671}.Debug|Any CPU.Build.0 = Debug|Any CPU
		{237D4654-7D3E-44E6-9593-F75EE1EF2671}.Debug|x64.ActiveCfg = Debug|Any CPU
		{237D4654-7D3E-44E6-9593-F75EE1EF2671}.Debug|x64.Build.0 = Debug|Any CPU
		{237D4654-7D3E-44E6-9593-F75EE1EF2671}.Debug|x86.ActiveCfg = Debug|Any CPU
		{237D4654-7D3E-44E6-9593-F75EE1EF2671}.Debug|x86.Build.0 = Debug|Any CPU
		{237D4654-7D3E-44E6-9593-F75EE1EF2671}.Release|Any CPU.ActiveCfg = Release|Any CPU
		{237D4654-7D3E-44E6-9593-F75EE1EF2671}.Release|Any CPU.Build.0 = Release|Any CPU
		{237D4654-7D3E-44E6-9593-F75EE1EF2671}.Release|x64.ActiveCfg = Release|Any CPU
		{237D4654-7D3E-44E6-9593-F75EE1EF2671}.Release|x64.Build.0 = Release|Any CPU
		{237D4654-7D3E-44E6-9593-F75EE1EF2671}.Release|x86.ActiveCfg = Release|Any CPU
		{237D4654-7D3E-44E6-9593-F75EE1EF2671}.Release|x86.Build.0 = Release|Any CPU
		{05CC6383-1FF7-42C4-B724-740313111AF1}.Debug|Any CPU.ActiveCfg = Debug|Any CPU
		{05CC6383-1FF7-42C4-B724-740313111AF1}.Debug|Any CPU.Build.0 = Debug|Any CPU
		{05CC6383-1FF7-42C4-B724-740313111AF1}.Debug|x64.ActiveCfg = Debug|Any CPU
		{05CC6383-1FF7-42C4-B724-740313111AF1}.Debug|x64.Build.0 = Debug|Any CPU
		{05CC6383-1FF7-42C4-B724-740313111AF1}.Debug|x86.ActiveCfg = Debug|Any CPU
		{05CC6383-1FF7-42C4-B724-740313111AF1}.Debug|x86.Build.0 = Debug|Any CPU
		{05CC6383-1FF7-42C4-B724-740313111AF1}.Release|Any CPU.ActiveCfg = Release|Any CPU
		{05CC6383-1FF7-42C4-B724-740313111AF1}.Release|Any CPU.Build.0 = Release|Any CPU
		{05CC6383-1FF7-42C4-B724-740313111AF1}.Release|x64.ActiveCfg = Release|Any CPU
		{05CC6383-1FF7-42C4-B724-740313111AF1}.Release|x64.Build.0 = Release|Any CPU
		{05CC6383-1FF7-42C4-B724-740313111AF1}.Release|x86.ActiveCfg = Release|Any CPU
		{05CC6383-1FF7-42C4-B724-740313111AF1}.Release|x86.Build.0 = Release|Any CPU
	EndGlobalSection
	GlobalSection(SolutionProperties) = preSolution
		HideSolutionNode = FALSE
	EndGlobalSection
	GlobalSection(NestedProjects) = preSolution
		{C223940F-5408-4C8B-96B4-3CB50B3199B1} = {827E0CD3-B72D-47B6-A68D-7590B98EB39B}
		{D3C5A447-FD37-4C4A-B9AE-3E2D8F179CC3} = {827E0CD3-B72D-47B6-A68D-7590B98EB39B}
		{1B153F5E-BD08-4EAC-82FE-8C98F8FD3E57} = {827E0CD3-B72D-47B6-A68D-7590B98EB39B}
		{CF4C8064-EBCF-4A20-BEDC-B82B59C2E065} = {827E0CD3-B72D-47B6-A68D-7590B98EB39B}
		{237D4654-7D3E-44E6-9593-F75EE1EF2671} = {0AB3BF05-4346-4AA6-1389-037BE0695223}
		{05CC6383-1FF7-42C4-B724-740313111AF1} = {0AB3BF05-4346-4AA6-1389-037BE0695223}
	EndGlobalSection
EndGlobal
